
Microsoft Visual Studio Solution File, Format Version 12.00
# Visual Studio 2013
VisualStudioVersion = 12.0.31101.0
MinimumVisualStudioVersion = 10.0.40219.1
Project("{2150E333-8FDC-42A3-9474-1A3956D46DE8}") = ".paket", ".paket", "{B127DA61-2762-4CFA-AAF3-E65367750845}"
	ProjectSection(SolutionItems) = preProject
		paket.dependencies = paket.dependencies
	EndProjectSection
EndProject
Project("{F2A71F9B-5D33-465A-A702-920D77279786}") = "FunWithFunScript", "FunWithFunscript\FunWithFunScript.fsproj", "{0A51C5D7-EDAD-4BD3-89D6-4C2C1815BED7}"
EndProject
Global
	GlobalSection(SolutionConfigurationPlatforms) = preSolution
		Debug|Any CPU = Debug|Any CPU
		Release|Any CPU = Release|Any CPU
	EndGlobalSection
	GlobalSection(ProjectConfigurationPlatforms) = postSolution
		{0A51C5D7-EDAD-4BD3-89D6-4C2C1815BED7}.Debug|Any CPU.ActiveCfg = Debug|Any CPU
		{0A51C5D7-EDAD-4BD3-89D6-4C2C1815BED7}.Debug|Any CPU.Build.0 = Debug|Any CPU
		{0A51C5D7-EDAD-4BD3-89D6-4C2C1815BED7}.Release|Any CPU.ActiveCfg = Release|Any CPU
		{0A51C5D7-EDAD-4BD3-89D6-4C2C1815BED7}.Release|Any CPU.Build.0 = Release|Any CPU
	EndGlobalSection
	GlobalSection(SolutionProperties) = preSolution
		HideSolutionNode = FALSE
	EndGlobalSection
EndGlobal
